// !$*UTF8*$!
{
	archiveVersion = 1;
	classes = {
	};
	objectVersion = 46;
	objects = {

/* Begin PBXBuildFile section */
		8AD218081D900BE30052C32A /* AppDelegate.swift in Sources */ = {isa = PBXBuildFile; fileRef = 8AD218071D900BE30052C32A /* AppDelegate.swift */; };
		8AD2180A1D900BE30052C32A /* ViewController.swift in Sources */ = {isa = PBXBuildFile; fileRef = 8AD218091D900BE30052C32A /* ViewController.swift */; };
		8AD2180D1D900BE30052C32A /* Main.storyboard in Resources */ = {isa = PBXBuildFile; fileRef = 8AD2180B1D900BE30052C32A /* Main.storyboard */; };
		8AD2180F1D900BE30052C32A /* Assets.xcassets in Resources */ = {isa = PBXBuildFile; fileRef = 8AD2180E1D900BE30052C32A /* Assets.xcassets */; };
		8AD218121D900BE30052C32A /* LaunchScreen.storyboard in Resources */ = {isa = PBXBuildFile; fileRef = 8AD218101D900BE30052C32A /* LaunchScreen.storyboard */; };
		8AD2181D1D900BE30052C32A /* HealthPartnersTests.swift in Sources */ = {isa = PBXBuildFile; fileRef = 8AD2181C1D900BE30052C32A /* HealthPartnersTests.swift */; };
		8AD218281D900BE30052C32A /* HealthPartnersUITests.swift in Sources */ = {isa = PBXBuildFile; fileRef = 8AD218271D900BE30052C32A /* HealthPartnersUITests.swift */; };
/* End PBXBuildFile section */

/* Begin PBXContainerItemProxy section */
		8AD218191D900BE30052C32A /* PBXContainerItemProxy */ = {
			isa = PBXContainerItemProxy;
			containerPortal = 8AD217FC1D900BE30052C32A /* Project object */;
			proxyType = 1;
			remoteGlobalIDString = 8AD218031D900BE30052C32A;
			remoteInfo = HealthPartners;
		};
		8AD218241D900BE30052C32A /* PBXContainerItemProxy */ = {
			isa = PBXContainerItemProxy;
			containerPortal = 8AD217FC1D900BE30052C32A /* Project object */;
			proxyType = 1;
			remoteGlobalIDString = 8AD218031D900BE30052C32A;
			remoteInfo = HealthPartners;
		};
/* End PBXContainerItemProxy section */

/* Begin PBXFileReference section */
		8AD218041D900BE30052C32A /* HealthPartners.app */ = {isa = PBXFileReference; explicitFileType = wrapper.application; includeInIndex = 0; path = HealthPartners.app; sourceTree = BUILT_PRODUCTS_DIR; };
		8AD218071D900BE30052C32A /* AppDelegate.swift */ = {isa = PBXFileReference; lastKnownFileType = sourcecode.swift; path = AppDelegate.swift; sourceTree = "<group>"; };
		8AD218091D900BE30052C32A /* ViewController.swift */ = {isa = PBXFileReference; lastKnownFileType = sourcecode.swift; path = ViewController.swift; sourceTree = "<group>"; };
		8AD2180C1D900BE30052C32A /* Base */ = {isa = PBXFileReference; lastKnownFileType = file.storyboard; name = Base; path = Base.lproj/Main.storyboard; sourceTree = "<group>"; };
		8AD2180E1D900BE30052C32A /* Assets.xcassets */ = {isa = PBXFileReference; lastKnownFileType = folder.assetcatalog; path = Assets.xcassets; sourceTree = "<group>"; };
		8AD218111D900BE30052C32A /* Base */ = {isa = PBXFileReference; lastKnownFileType = file.storyboard; name = Base; path = Base.lproj/LaunchScreen.storyboard; sourceTree = "<group>"; };
		8AD218131D900BE30052C32A /* Info.plist */ = {isa = PBXFileReference; lastKnownFileType = text.plist.xml; path = Info.plist; sourceTree = "<group>"; };
		8AD218181D900BE30052C32A /* HealthPartnersTests.xctest */ = {isa = PBXFileReference; explicitFileType = wrapper.cfbundle; includeInIndex = 0; path = HealthPartnersTests.xctest; sourceTree = BUILT_PRODUCTS_DIR; };
		8AD2181C1D900BE30052C32A /* HealthPartnersTests.swift */ = {isa = PBXFileReference; lastKnownFileType = sourcecode.swift; path = HealthPartnersTests.swift; sourceTree = "<group>"; };
		8AD2181E1D900BE30052C32A /* Info.plist */ = {isa = PBXFileReference; lastKnownFileType = text.plist.xml; path = Info.plist; sourceTree = "<group>"; };
		8AD218231D900BE30052C32A /* HealthPartnersUITests.xctest */ = {isa = PBXFileReference; explicitFileType = wrapper.cfbundle; includeInIndex = 0; path = HealthPartnersUITests.xctest; sourceTree = BUILT_PRODUCTS_DIR; };
		8AD218271D900BE30052C32A /* HealthPartnersUITests.swift */ = {isa = PBXFileReference; lastKnownFileType = sourcecode.swift; path = HealthPartnersUITests.swift; sourceTree = "<group>"; };
		8AD218291D900BE30052C32A /* Info.plist */ = {isa = PBXFileReference; lastKnownFileType = text.plist.xml; path = Info.plist; sourceTree = "<group>"; };
/* End PBXFileReference section */

/* Begin PBXFrameworksBuildPhase section */
		8AD218011D900BE30052C32A /* Frameworks */ = {
			isa = PBXFrameworksBuildPhase;
			buildActionMask = 2147483647;
			files = (
			);
			runOnlyForDeploymentPostprocessing = 0;
		};
		8AD218151D900BE30052C32A /* Frameworks */ = {
			isa = PBXFrameworksBuildPhase;
			buildActionMask = 2147483647;
			files = (
			);
			runOnlyForDeploymentPostprocessing = 0;
		};
		8AD218201D900BE30052C32A /* Frameworks */ = {
			isa = PBXFrameworksBuildPhase;
			buildActionMask = 2147483647;
			files = (
			);
			runOnlyForDeploymentPostprocessing = 0;
		};
/* End PBXFrameworksBuildPhase section */

/* Begin PBXGroup section */
		8AD217FB1D900BE30052C32A = {
			isa = PBXGroup;
			children = (
				8AD218061D900BE30052C32A /* HealthPartners */,
				8AD2181B1D900BE30052C32A /* HealthPartnersTests */,
				8AD218261D900BE30052C32A /* HealthPartnersUITests */,
				8AD218051D900BE30052C32A /* Products */,
			);
			sourceTree = "<group>";
		};
		8AD218051D900BE30052C32A /* Products */ = {
			isa = PBXGroup;
			children = (
				8AD218041D900BE30052C32A /* HealthPartners.app */,
				8AD218181D900BE30052C32A /* HealthPartnersTests.xctest */,
				8AD218231D900BE30052C32A /* HealthPartnersUITests.xctest */,
			);
			name = Products;
			sourceTree = "<group>";
		};
		8AD218061D900BE30052C32A /* HealthPartners */ = {
			isa = PBXGroup;
			children = (
				8AD218071D900BE30052C32A /* AppDelegate.swift */,
				8AD218091D900BE30052C32A /* ViewController.swift */,
				8AD2180B1D900BE30052C32A /* Main.storyboard */,
				8AD2180E1D900BE30052C32A /* Assets.xcassets */,
				8AD218101D900BE30052C32A /* LaunchScreen.storyboard */,
				8AD218131D900BE30052C32A /* Info.plist */,
			);
			path = HealthPartners;
			sourceTree = "<group>";
		};
		8AD2181B1D900BE30052C32A /* HealthPartnersTests */ = {
			isa = PBXGroup;
			children = (
				8AD2181C1D900BE30052C32A /* HealthPartnersTests.swift */,
				8AD2181E1D900BE30052C32A /* Info.plist */,
			);
			path = HealthPartnersTests;
			sourceTree = "<group>";
		};
		8AD218261D900BE30052C32A /* HealthPartnersUITests */ = {
			isa = PBXGroup;
			children = (
				8AD218271D900BE30052C32A /* HealthPartnersUITests.swift */,
				8AD218291D900BE30052C32A /* Info.plist */,
			);
			path = HealthPartnersUITests;
			sourceTree = "<group>";
		};
/* End PBXGroup section */

/* Begin PBXNativeTarget section */
		8AD218031D900BE30052C32A /* HealthPartners */ = {
			isa = PBXNativeTarget;
			buildConfigurationList = 8AD2182C1D900BE30052C32A /* Build configuration list for PBXNativeTarget "HealthPartners" */;
			buildPhases = (
				8AD218001D900BE30052C32A /* Sources */,
				8AD218011D900BE30052C32A /* Frameworks */,
				8AD218021D900BE30052C32A /* Resources */,
			);
			buildRules = (
			);
			dependencies = (
			);
			name = HealthPartners;
			productName = HealthPartners;
			productReference = 8AD218041D900BE30052C32A /* HealthPartners.app */;
			productType = "com.apple.product-type.application";
		};
		8AD218171D900BE30052C32A /* HealthPartnersTests */ = {
			isa = PBXNativeTarget;
			buildConfigurationList = 8AD2182F1D900BE30052C32A /* Build configuration list for PBXNativeTarget "HealthPartnersTests" */;
			buildPhases = (
				8AD218141D900BE30052C32A /* Sources */,
				8AD218151D900BE30052C32A /* Frameworks */,
				8AD218161D900BE30052C32A /* Resources */,
			);
			buildRules = (
			);
			dependencies = (
				8AD2181A1D900BE30052C32A /* PBXTargetDependency */,
			);
			name = HealthPartnersTests;
			productName = HealthPartnersTests;
			productReference = 8AD218181D900BE30052C32A /* HealthPartnersTests.xctest */;
			productType = "com.apple.product-type.bundle.unit-test";
		};
		8AD218221D900BE30052C32A /* HealthPartnersUITests */ = {
			isa = PBXNativeTarget;
			buildConfigurationList = 8AD218321D900BE30052C32A /* Build configuration list for PBXNativeTarget "HealthPartnersUITests" */;
			buildPhases = (
				8AD2181F1D900BE30052C32A /* Sources */,
				8AD218201D900BE30052C32A /* Frameworks */,
				8AD218211D900BE30052C32A /* Resources */,
			);
			buildRules = (
			);
			dependencies = (
				8AD218251D900BE30052C32A /* PBXTargetDependency */,
			);
			name = HealthPartnersUITests;
			productName = HealthPartnersUITests;
			productReference = 8AD218231D900BE30052C32A /* HealthPartnersUITests.xctest */;
			productType = "com.apple.product-type.bundle.ui-testing";
		};
/* End PBXNativeTarget section */

/* Begin PBXProject section */
		8AD217FC1D900BE30052C32A /* Project object */ = {
			isa = PBXProject;
			attributes = {
				LastSwiftUpdateCheck = 0730;
				LastUpgradeCheck = 0730;
				ORGANIZATIONNAME = Alex;
				TargetAttributes = {
					8AD218031D900BE30052C32A = {
						CreatedOnToolsVersion = 7.3;
					};
					8AD218171D900BE30052C32A = {
						CreatedOnToolsVersion = 7.3;
						TestTargetID = 8AD218031D900BE30052C32A;
					};
					8AD218221D900BE30052C32A = {
						CreatedOnToolsVersion = 7.3;
						TestTargetID = 8AD218031D900BE30052C32A;
					};
				};
			};
			buildConfigurationList = 8AD217FF1D900BE30052C32A /* Build configuration list for PBXProject "HealthPartners" */;
			compatibilityVersion = "Xcode 3.2";
			developmentRegion = English;
			hasScannedForEncodings = 0;
			knownRegions = (
				en,
				Base,
			);
			mainGroup = 8AD217FB1D900BE30052C32A;
			productRefGroup = 8AD218051D900BE30052C32A /* Products */;
			projectDirPath = "";
			projectRoot = "";
			targets = (
				8AD218031D900BE30052C32A /* HealthPartners */,
				8AD218171D900BE30052C32A /* HealthPartnersTests */,
				8AD218221D900BE30052C32A /* HealthPartnersUITests */,
			);
		};
/* End PBXProject section */

/* Begin PBXResourcesBuildPhase section */
		8AD218021D900BE30052C32A /* Resources */ = {
			isa = PBXResourcesBuildPhase;
			buildActionMask = 2147483647;
			files = (
				8AD218121D900BE30052C32A /* LaunchScreen.storyboard in Resources */,
				8AD2180F1D900BE30052C32A /* Assets.xcassets in Resources */,
				8AD2180D1D900BE30052C32A /* Main.storyboard in Resources */,
			);
			runOnlyForDeploymentPostprocessing = 0;
		};
		8AD218161D900BE30052C32A /* Resources */ = {
			isa = PBXResourcesBuildPhase;
			buildActionMask = 2147483647;
			files = (
			);
			runOnlyForDeploymentPostprocessing = 0;
		};
		8AD218211D900BE30052C32A /* Resources */ = {
			isa = PBXResourcesBuildPhase;
			buildActionMask = 2147483647;
			files = (
			);
			runOnlyForDeploymentPostprocessing = 0;
		};
/* End PBXResourcesBuildPhase section */

/* Begin PBXSourcesBuildPhase section */
		8AD218001D900BE30052C32A /* Sources */ = {
			isa = PBXSourcesBuildPhase;
			buildActionMask = 2147483647;
			files = (
				8AD2180A1D900BE30052C32A /* ViewController.swift in Sources */,
				8AD218081D900BE30052C32A /* AppDelegate.swift in Sources */,
			);
			runOnlyForDeploymentPostprocessing = 0;
		};
		8AD218141D900BE30052C32A /* Sources */ = {
			isa = PBXSourcesBuildPhase;
			buildActionMask = 2147483647;
			files = (
				8AD2181D1D900BE30052C32A /* HealthPartnersTests.swift in Sources */,
			);
			runOnlyForDeploymentPostprocessing = 0;
		};
		8AD2181F1D900BE30052C32A /* Sources */ = {
			isa = PBXSourcesBuildPhase;
			buildActionMask = 2147483647;
			files = (
				8AD218281D900BE30052C32A /* HealthPartnersUITests.swift in Sources */,
			);
			runOnlyForDeploymentPostprocessing = 0;
		};
/* End PBXSourcesBuildPhase section */

/* Begin PBXTargetDependency section */
		8AD2181A1D900BE30052C32A /* PBXTargetDependency */ = {
			isa = PBXTargetDependency;
			target = 8AD218031D900BE30052C32A /* HealthPartners */;
			targetProxy = 8AD218191D900BE30052C32A /* PBXContainerItemProxy */;
		};
		8AD218251D900BE30052C32A /* PBXTargetDependency */ = {
			isa = PBXTargetDependency;
			target = 8AD218031D900BE30052C32A /* HealthPartners */;
			targetProxy = 8AD218241D900BE30052C32A /* PBXContainerItemProxy */;
		};
/* End PBXTargetDependency section */

/* Begin PBXVariantGroup section */
		8AD2180B1D900BE30052C32A /* Main.storyboard */ = {
			isa = PBXVariantGroup;
			children = (
				8AD2180C1D900BE30052C32A /* Base */,
			);
			name = Main.storyboard;
			sourceTree = "<group>";
		};
		8AD218101D900BE30052C32A /* LaunchScreen.storyboard */ = {
			isa = PBXVariantGroup;
			children = (
				8AD218111D900BE30052C32A /* Base */,
			);
			name = LaunchScreen.storyboard;
			sourceTree = "<group>";
		};
/* End PBXVariantGroup section */

/* Begin XCBuildConfiguration section */
		8AD2182A1D900BE30052C32A /* Debug */ = {
			isa = XCBuildConfiguration;
			buildSettings = {
				ALWAYS_SEARCH_USER_PATHS = NO;
				CLANG_ANALYZER_NONNULL = YES;
				CLANG_CXX_LANGUAGE_STANDARD = "gnu++0x";
				CLANG_CXX_LIBRARY = "libc++";
				CLANG_ENABLE_MODULES = YES;
				CLANG_ENABLE_OBJC_ARC = YES;
				CLANG_WARN_BOOL_CONVERSION = YES;
				CLANG_WARN_CONSTANT_CONVERSION = YES;
				CLANG_WARN_DIRECT_OBJC_ISA_USAGE = YES_ERROR;
				CLANG_WARN_EMPTY_BODY = YES;
				CLANG_WARN_ENUM_CONVERSION = YES;
				CLANG_WARN_INT_CONVERSION = YES;
				CLANG_WARN_OBJC_ROOT_CLASS = YES_ERROR;
				CLANG_WARN_UNREACHABLE_CODE = YES;
				CLANG_WARN__DUPLICATE_METHOD_MATCH = YES;
				"CODE_SIGN_IDENTITY[sdk=iphoneos*]" = "iPhone Developer";
				COPY_PHASE_STRIP = NO;
				DEBUG_INFORMATION_FORMAT = dwarf;
				ENABLE_STRICT_OBJC_MSGSEND = YES;
				ENABLE_TESTABILITY = YES;
				GCC_C_LANGUAGE_STANDARD = gnu99;
				GCC_DYNAMIC_NO_PIC = NO;
				GCC_NO_COMMON_BLOCKS = YES;
				GCC_OPTIMIZATION_LEVEL = 0;
				GCC_PREPROCESSOR_DEFINITIONS = (
					"DEBUG=1",
					"$(inherited)",
				);
				GCC_WARN_64_TO_32_BIT_CONVERSION = YES;
				GCC_WARN_ABOUT_RETURN_TYPE = YES_ERROR;
				GCC_WARN_UNDECLARED_SELECTOR = YES;
				GCC_WARN_UNINITIALIZED_AUTOS = YES_AGGRESSIVE;
				GCC_WARN_UNUSED_FUNCTION = YES;
				GCC_WARN_UNUSED_VARIABLE = YES;
				IPHONEOS_DEPLOYMENT_TARGET = 9.3;
				MTL_ENABLE_DEBUG_INFO = YES;
				ONLY_ACTIVE_ARCH = YES;
				SDKROOT = iphoneos;
				SWIFT_OPTIMIZATION_LEVEL = "-Onone";
				TARGETED_DEVICE_FAMILY = "1,2";
			};
			name = Debug;
		};
		8AD2182B1D900BE30052C32A /* Release */ = {
			isa = XCBuildConfiguration;
			buildSettings = {
				ALWAYS_SEARCH_USER_PATHS = NO;
				CLANG_ANALYZER_NONNULL = YES;
				CLANG_CXX_LANGUAGE_STANDARD = "gnu++0x";
				CLANG_CXX_LIBRARY = "libc++";
				CLANG_ENABLE_MODULES = YES;
				CLANG_ENABLE_OBJC_ARC = YES;
				CLANG_WARN_BOOL_CONVERSION = YES;
				CLANG_WARN_CONSTANT_CONVERSION = YES;
				CLANG_WARN_DIRECT_OBJC_ISA_USAGE = YES_ERROR;
				CLANG_WARN_EMPTY_BODY = YES;
				CLANG_WARN_ENUM_CONVERSION = YES;
				CLANG_WARN_INT_CONVERSION = YES;
				CLANG_WARN_OBJC_ROOT_CLASS = YES_ERROR;
				CLANG_WARN_UNREACHABLE_CODE = YES;
				CLANG_WARN__DUPLICATE_METHOD_MATCH = YES;
				"CODE_SIGN_IDENTITY[sdk=iphoneos*]" = "iPhone Developer";
				COPY_PHASE_STRIP = NO;
				DEBUG_INFORMATION_FORMAT = "dwarf-with-dsym";
				ENABLE_NS_ASSERTIONS = NO;
				ENABLE_STRICT_OBJC_MSGSEND = YES;
				GCC_C_LANGUAGE_STANDARD = gnu99;
				GCC_NO_COMMON_BLOCKS = YES;
				GCC_WARN_64_TO_32_BIT_CONVERSION = YES;
				GCC_WARN_ABOUT_RETURN_TYPE = YES_ERROR;
				GCC_WARN_UNDECLARED_SELECTOR = YES;
				GCC_WARN_UNINITIALIZED_AUTOS = YES_AGGRESSIVE;
				GCC_WARN_UNUSED_FUNCTION = YES;
				GCC_WARN_UNUSED_VARIABLE = YES;
				IPHONEOS_DEPLOYMENT_TARGET = 9.3;
				MTL_ENABLE_DEBUG_INFO = NO;
				SDKROOT = iphoneos;
				TARGETED_DEVICE_FAMILY = "1,2";
				VALIDATE_PRODUCT = YES;
			};
			name = Release;
		};
		8AD2182D1D900BE30052C32A /* Debug */ = {
			isa = XCBuildConfiguration;
			buildSettings = {
				ASSETCATALOG_COMPILER_APPICON_NAME = AppIcon;
				INFOPLIST_FILE = HealthPartners/Info.plist;
				LD_RUNPATH_SEARCH_PATHS = "$(inherited) @executable_path/Frameworks";
				PRODUCT_BUNDLE_IDENTIFIER = com.app.HealthPartners;
				PRODUCT_NAME = "$(TARGET_NAME)";
			};
			name = Debug;
		};
		8AD2182E1D900BE30052C32A /* Release */ = {
			isa = XCBuildConfiguration;
			buildSettings = {
				ASSETCATALOG_COMPILER_APPICON_NAME = AppIcon;
				INFOPLIST_FILE = HealthPartners/Info.plist;
				LD_RUNPATH_SEARCH_PATHS = "$(inherited) @executable_path/Frameworks";
				PRODUCT_BUNDLE_IDENTIFIER = com.app.HealthPartners;
				PRODUCT_NAME = "$(TARGET_NAME)";
			};
			name = Release;
		};
		8AD218301D900BE30052C32A /* Debug */ = {
			isa = XCBuildConfiguration;
			buildSettings = {
				BUNDLE_LOADER = "$(TEST_HOST)";
				INFOPLIST_FILE = HealthPartnersTests/Info.plist;
				LD_RUNPATH_SEARCH_PATHS = "$(inherited) @executable_path/Frameworks @loader_path/Frameworks";
				PRODUCT_BUNDLE_IDENTIFIER = com.app.HealthPartnersTests;
				PRODUCT_NAME = "$(TARGET_NAME)";
				TEST_HOST = "$(BUILT_PRODUCTS_DIR)/HealthPartners.app/HealthPartners";
			};
			name = Debug;
		};
		8AD218311D900BE30052C32A /* Release */ = {
			isa = XCBuildConfiguration;
			buildSettings = {
				BUNDLE_LOADER = "$(TEST_HOST)";
				INFOPLIST_FILE = HealthPartnersTests/Info.plist;
				LD_RUNPATH_SEARCH_PATHS = "$(inherited) @executable_path/Frameworks @loader_path/Frameworks";
				PRODUCT_BUNDLE_IDENTIFIER = com.app.HealthPartnersTests;
				PRODUCT_NAME = "$(TARGET_NAME)";
				TEST_HOST = "$(BUILT_PRODUCTS_DIR)/HealthPartners.app/HealthPartners";
			};
			name = Release;
		};
		8AD218331D900BE30052C32A /* Debug */ = {
			isa = XCBuildConfiguration;
			buildSettings = {
				INFOPLIST_FILE = HealthPartnersUITests/Info.plist;
				LD_RUNPATH_SEARCH_PATHS = "$(inherited) @executable_path/Frameworks @loader_path/Frameworks";
				PRODUCT_BUNDLE_IDENTIFIER = com.app.HealthPartnersUITests;
				PRODUCT_NAME = "$(TARGET_NAME)";
				TEST_TARGET_NAME = HealthPartners;
			};
			name = Debug;
		};
		8AD218341D900BE30052C32A /* Release */ = {
			isa = XCBuildConfiguration;
			buildSettings = {
				INFOPLIST_FILE = HealthPartnersUITests/Info.plist;
				LD_RUNPATH_SEARCH_PATHS = "$(inherited) @executable_path/Frameworks @loader_path/Frameworks";
				PRODUCT_BUNDLE_IDENTIFIER = com.app.HealthPartnersUITests;
				PRODUCT_NAME = "$(TARGET_NAME)";
				TEST_TARGET_NAME = HealthPartners;
			};
			name = Release;
		};
/* End XCBuildConfiguration section */

/* Begin XCConfigurationList section */
		8AD217FF1D900BE30052C32A /* Build configuration list for PBXProject "HealthPartners" */ = {
			isa = XCConfigurationList;
			buildConfigurations = (
				8AD2182A1D900BE30052C32A /* Debug */,
				8AD2182B1D900BE30052C32A /* Release */,
			);
			defaultConfigurationIsVisible = 0;
			defaultConfigurationName = Release;
		};
		8AD2182C1D900BE30052C32A /* Build configuration list for PBXNativeTarget "HealthPartners" */ = {
			isa = XCConfigurationList;
			buildConfigurations = (
				8AD2182D1D900BE30052C32A /* Debug */,
				8AD2182E1D900BE30052C32A /* Release */,
			);
			defaultConfigurationIsVisible = 0;
		};
		8AD2182F1D900BE30052C32A /* Build configuration list for PBXNativeTarget "HealthPartnersTests" */ = {
			isa = XCConfigurationList;
			buildConfigurations = (
				8AD218301D900BE30052C32A /* Debug */,
				8AD218311D900BE30052C32A /* Release */,
			);
			defaultConfigurationIsVisible = 0;
		};
		8AD218321D900BE30052C32A /* Build configuration list for PBXNativeTarget "HealthPartnersUITests" */ = {
			isa = XCConfigurationList;
			buildConfigurations = (
				8AD218331D900BE30052C32A /* Debug */,
				8AD218341D900BE30052C32A /* Release */,
			);
			defaultConfigurationIsVisible = 0;
		};
/* End XCConfigurationList section */
	};
	rootObject = 8AD217FC1D900BE30052C32A /* Project object */;
}
